
Microsoft Visual Studio Solution File, Format Version 12.00
# Visual Studio 15
VisualStudioVersion = 15.0.28010.2050
MinimumVisualStudioVersion = 10.0.40219.1
Project("{FAE04EC0-301F-11D3-BF4B-00C04F79EFBC}") = "EITC route planning", "EITC route planning\EITC route planning.csproj", "{58348B28-0775-4C21-9FF5-9B4D7D56A066}"
EndProject
Project("{FAE04EC0-301F-11D3-BF4B-00C04F79EFBC}") = "UnitTests", "UnitTests\UnitTests.csproj", "{E9AC2237-2884-4C13-97CB-22DC5E59B519}"
EndProject
Global
	GlobalSection(SolutionConfigurationPlatforms) = preSolution
		Debug|Any CPU = Debug|Any CPU
		Release|Any CPU = Release|Any CPU
	EndGlobalSection
	GlobalSection(ProjectConfigurationPlatforms) = postSolution
		{58348B28-0775-4C21-9FF5-9B4D7D56A066}.Debug|Any CPU.ActiveCfg = Debug|Any CPU
		{58348B28-0775-4C21-9FF5-9B4D7D56A066}.Debug|Any CPU.Build.0 = Debug|Any CPU
		{58348B28-0775-4C21-9FF5-9B4D7D56A066}.Release|Any CPU.ActiveCfg = Release|Any CPU
		{58348B28-0775-4C21-9FF5-9B4D7D56A066}.Release|Any CPU.Build.0 = Release|Any CPU
		{E9AC2237-2884-4C13-97CB-22DC5E59B519}.Debug|Any CPU.ActiveCfg = Debug|Any CPU
		{E9AC2237-2884-4C13-97CB-22DC5E59B519}.Debug|Any CPU.Build.0 = Debug|Any CPU
		{E9AC2237-2884-4C13-97CB-22DC5E59B519}.Release|Any CPU.ActiveCfg = Release|Any CPU
		{E9AC2237-2884-4C13-97CB-22DC5E59B519}.Release|Any CPU.Build.0 = Release|Any CPU
	EndGlobalSection
	GlobalSection(SolutionProperties) = preSolution
		HideSolutionNode = FALSE
	EndGlobalSection
	GlobalSection(ExtensibilityGlobals) = postSolution
		SolutionGuid = {A34E3359-8C97-4036-8843-8F45EF8C3707}
	EndGlobalSection
EndGlobal
